
Microsoft Visual Studio Solution File, Format Version 12.00
# Visual Studio Version 17
VisualStudioVersion = 17.8.34330.188
MinimumVisualStudioVersion = 10.0.40219.1
Project("{FAE04EC0-301F-11D3-BF4B-00C04F79EFBC}") = "LoginMVC", "LoginMVC\LoginMVC.csproj", "{A8AF8264-281C-4B22-A2DE-2FE9AE0D968F}"
EndProject
Project("{FAE04EC0-301F-11D3-BF4B-00C04F79EFBC}") = "Neoplus.NetCore.WorkLib", "Neoplus.NetCore.WorkLib\Neoplus.NetCore.WorkLib.csproj", "{BF3A864E-8D71-498C-8D5F-13EDA37080FD}"
EndProject
Global
	GlobalSection(SolutionConfigurationPlatforms) = preSolution
		Debug|Any CPU = Debug|Any CPU
		Release|Any CPU = Release|Any CPU
	EndGlobalSection
	GlobalSection(ProjectConfigurationPlatforms) = postSolution
		{A8AF8264-281C-4B22-A2DE-2FE9AE0D968F}.Debug|Any CPU.ActiveCfg = Debug|Any CPU
		{A8AF8264-281C-4B22-A2DE-2FE9AE0D968F}.Debug|Any CPU.Build.0 = Debug|Any CPU
		{A8AF8264-281C-4B22-A2DE-2FE9AE0D968F}.Release|Any CPU.ActiveCfg = Release|Any CPU
		{A8AF8264-281C-4B22-A2DE-2FE9AE0D968F}.Release|Any CPU.Build.0 = Release|Any CPU
		{BF3A864E-8D71-498C-8D5F-13EDA37080FD}.Debug|Any CPU.ActiveCfg = Debug|Any CPU
		{BF3A864E-8D71-498C-8D5F-13EDA37080FD}.Debug|Any CPU.Build.0 = Debug|Any CPU
		{BF3A864E-8D71-498C-8D5F-13EDA37080FD}.Release|Any CPU.ActiveCfg = Release|Any CPU
		{BF3A864E-8D71-498C-8D5F-13EDA37080FD}.Release|Any CPU.Build.0 = Release|Any CPU
	EndGlobalSection
	GlobalSection(SolutionProperties) = preSolution
		HideSolutionNode = FALSE
	EndGlobalSection
	GlobalSection(ExtensibilityGlobals) = postSolution
		SolutionGuid = {D8FA5F2A-296E-4AE4-8574-5715CB130CC0}
	EndGlobalSection
EndGlobal
